<?xml version="1.0" encoding="UTF-8"?>
<Scheme
   LastUpgradeVersion = "1010"
   version = "1.3">
   <BuildAction
      parallelizeBuildables = "YES"
      buildImplicitDependencies = "YES"
      runPostActionsOnFailure = "YES">
      <PostActions>
         <ExecutionAction
            ActionType = "Xcode.IDEStandardExecutionActionsCore.ExecutionActionType.ShellScriptAction">
            <ActionContent
               title = "Push build insights"
               scriptText = "/opt/homebrew/bin/tuist inspect build">
            </ActionContent>
         </ExecutionAction>
      </PostActions>
      <BuildActionEntries>
         <BuildActionEntry
            buildForTesting = "YES"
            buildForRunning = "YES"
            buildForProfiling = "YES"
            buildForArchiving = "YES"
            buildForAnalyzing = "YES">
            <BuildableReference
               BuildableIdentifier = "primary"
               BlueprintIdentifier = "C0E2BAB47E295A4548E4955F"
               BuildableName = "CoreKit.framework"
               BlueprintName = "CoreKit"
               ReferencedContainer = "container:Frameworks/CoreKit/CoreKit.xcodeproj">
            </BuildableReference>
         </BuildActionEntry>
         <BuildActionEntry
            buildForTesting = "YES"
            buildForRunning = "YES"
            buildForProfiling = "YES"
            buildForArchiving = "YES"
            buildForAnalyzing = "YES">
            <BuildableReference
               BuildableIdentifier = "primary"
               BlueprintIdentifier = "02BA723BAEB9642C0EDB34BF"
               BuildableName = "DataKit.framework"
               BlueprintName = "DataKit"
               ReferencedContainer = "container:Frameworks/DataKit/DataKit.xcodeproj">
            </BuildableReference>
         </BuildActionEntry>
         <BuildActionEntry
            buildForTesting = "YES"
            buildForRunning = "YES"
            buildForProfiling = "YES"
            buildForArchiving = "YES"
            buildForAnalyzing = "YES">
            <BuildableReference
               BuildableIdentifier = "primary"
               BlueprintIdentifier = "811EA4273DAB3937B4010303"
               BuildableName = "DomainKit.framework"
               BlueprintName = "DomainKit"
               ReferencedContainer = "container:Frameworks/DomainKit/DomainKit.xcodeproj">
            </BuildableReference>
         </BuildActionEntry>
         <BuildActionEntry
            buildForTesting = "YES"
            buildForRunning = "YES"
            buildForProfiling = "YES"
            buildForArchiving = "YES"
            buildForAnalyzing = "YES">
            <BuildableReference
               BuildableIdentifier = "primary"
               BlueprintIdentifier = "4EEB658363219CF57FE978F1"
               BuildableName = "JapaneseDictionary.app"
               BlueprintName = "JapaneseDictionary"
               ReferencedContainer = "container:JapaneseDictionary/JapaneseDictionary.xcodeproj">
            </BuildableReference>
         </BuildActionEntry>
         <BuildActionEntry
            buildForTesting = "YES"
            buildForRunning = "YES"
            buildForProfiling = "YES"
            buildForArchiving = "YES"
            buildForAnalyzing = "YES">
            <BuildableReference
               BuildableIdentifier = "primary"
               BlueprintIdentifier = "B495F89238915F0695FE0F2C"
               BuildableName = "JapaneseDictionaryTests.xctest"
               BlueprintName = "JapaneseDictionaryTests"
               ReferencedContainer = "container:JapaneseDictionary/JapaneseDictionary.xcodeproj">
            </BuildableReference>
         </BuildActionEntry>
         <BuildActionEntry
            buildForTesting = "YES"
            buildForRunning = "YES"
            buildForProfiling = "YES"
            buildForArchiving = "YES"
            buildForAnalyzing = "YES">
            <BuildableReference
               BuildableIdentifier = "primary"
               BlueprintIdentifier = "BCB9B92D2EE885993ECADCCB"
               BuildableName = "JapaneseDictionaryWidget.appex"
               BlueprintName = "JapaneseDictionaryWidget"
               ReferencedContainer = "container:JapaneseDictionary/JapaneseDictionary.xcodeproj">
            </BuildableReference>
         </BuildActionEntry>
         <BuildActionEntry
            buildForTesting = "YES"
            buildForRunning = "YES"
            buildForProfiling = "YES"
            buildForArchiving = "YES"
            buildForAnalyzing = "YES">
            <BuildableReference
               BuildableIdentifier = "primary"
               BlueprintIdentifier = "BD557D90FAB1334F8BC9C21C"
               BuildableName = "SwiftUIApps.framework"
               BlueprintName = "SwiftUIApps"
               ReferencedContainer = "container:Frameworks/SwiftUIApps/SwiftUIApps.xcodeproj">
            </BuildableReference>
         </BuildActionEntry>
         <BuildActionEntry
            buildForTesting = "YES"
            buildForRunning = "YES"
            buildForProfiling = "YES"
            buildForArchiving = "YES"
            buildForAnalyzing = "YES">
            <BuildableReference
               BuildableIdentifier = "primary"
               BlueprintIdentifier = "4B41080EB75479F3B462AA22"
               BuildableName = "ZeroDesignKit.framework"
               BlueprintName = "ZeroDesignKit"
               ReferencedContainer = "container:Tuist/.build/tuist-derived/ZeroDesignKit/ZeroDesignKit.xcodeproj">
            </BuildableReference>
         </BuildActionEntry>
      </BuildActionEntries>
   </BuildAction>
   <TestAction
      buildConfiguration = "Debug"
      selectedDebuggerIdentifier = "Xcode.DebuggerFoundation.Debugger.LLDB"
      selectedLauncherIdentifier = "Xcode.DebuggerFoundation.Launcher.LLDB"
      shouldUseLaunchSchemeArgsEnv = "YES">
      <Testables>
         <TestableReference
            skipped = "NO"
            parallelizable = "NO">
            <BuildableReference
               BuildableIdentifier = "primary"
               BlueprintIdentifier = "B495F89238915F0695FE0F2C"
               BuildableName = "JapaneseDictionaryTests.xctest"
               BlueprintName = "JapaneseDictionaryTests"
               ReferencedContainer = "container:JapaneseDictionary/JapaneseDictionary.xcodeproj">
            </BuildableReference>
         </TestableReference>
      </Testables>
   </TestAction>
   <LaunchAction
      buildConfiguration = "Debug"
      selectedDebuggerIdentifier = "Xcode.DebuggerFoundation.Debugger.LLDB"
      selectedLauncherIdentifier = "Xcode.DebuggerFoundation.Launcher.LLDB"
      launchStyle = "0"
      useCustomWorkingDirectory = "NO"
      ignoresPersistentStateOnLaunch = "NO"
      debugDocumentVersioning = "YES"
      debugServiceExtension = "internal"
      allowLocationSimulation = "YES">
      <MacroExpansion>
         <BuildableReference
            BuildableIdentifier = "primary"
            BlueprintIdentifier = "C0E2BAB47E295A4548E4955F"
            BuildableName = "CoreKit.framework"
            BlueprintName = "CoreKit"
            ReferencedContainer = "container:Frameworks/CoreKit/CoreKit.xcodeproj">
         </BuildableReference>
      </MacroExpansion>
   </LaunchAction>
   <ProfileAction
      buildConfiguration = "Release"
      shouldUseLaunchSchemeArgsEnv = "YES"
      savedToolIdentifier = ""
      useCustomWorkingDirectory = "NO"
      debugDocumentVersioning = "YES">
      <MacroExpansion>
         <BuildableReference
            BuildableIdentifier = "primary"
            BlueprintIdentifier = "C0E2BAB47E295A4548E4955F"
            BuildableName = "CoreKit.framework"
            BlueprintName = "CoreKit"
            ReferencedContainer = "container:Frameworks/CoreKit/CoreKit.xcodeproj">
         </BuildableReference>
      </MacroExpansion>
   </ProfileAction>
   <AnalyzeAction
      buildConfiguration = "Debug">
   </AnalyzeAction>
   <ArchiveAction
      buildConfiguration = "Release"
      revealArchiveInOrganizer = "YES">
   </ArchiveAction>
</Scheme>
