// !$*UTF8*$!
{
	archiveVersion = 1;
	classes = {
	};
	objectVersion = 55;
	objects = {

/* Begin PBXBuildFile section */
		5D15575A7E2516F010264583 /* VocabDataModel.swift in Sources */ = {isa = PBXBuildFile; fileRef = 1F3AD9E40AF44264D7FDE6C0 /* VocabDataModel.swift */; };
		5FF6D3F1A4A5B52208BC8228 /* KanjiDataModel.swift in Sources */ = {isa = PBXBuildFile; fileRef = AEE2AB4F5531D4E0C53E63BD /* KanjiDataModel.swift */; };
		71EF2970551DDFE63F9EEB8C /* CoreKit.framework in Frameworks */ = {isa = PBXBuildFile; fileRef = ED9A7F68060061C2401D2C03 /* CoreKit.framework */; };
		9BE024B8AF1B8E9C150B249C /* DomainKit.swift in Sources */ = {isa = PBXBuildFile; fileRef = 536A78DF04D7452DC5260ACC /* DomainKit.swift */; };
/* End PBXBuildFile section */

/* Begin PBXCopyFilesBuildPhase section */
		20F38386E12C97F36C2C41D3 /* Embed Frameworks */ = {
			isa = PBXCopyFilesBuildPhase;
			buildActionMask = 2147483647;
			dstPath = "";
			dstSubfolderSpec = 10;
			files = (
			);
			name = "Embed Frameworks";
			runOnlyForDeploymentPostprocessing = 0;
		};
/* End PBXCopyFilesBuildPhase section */

/* Begin PBXFileReference section */
		1F3AD9E40AF44264D7FDE6C0 /* VocabDataModel.swift */ = {isa = PBXFileReference; lastKnownFileType = sourcecode.swift; path = VocabDataModel.swift; sourceTree = "<group>"; };
		41D7C3680CD7590740228CA6 /* DomainKit-Info.plist */ = {isa = PBXFileReference; lastKnownFileType = text.plist; path = "DomainKit-Info.plist"; sourceTree = "<group>"; };
		536A78DF04D7452DC5260ACC /* DomainKit.swift */ = {isa = PBXFileReference; lastKnownFileType = sourcecode.swift; path = DomainKit.swift; sourceTree = "<group>"; };
		AEE2AB4F5531D4E0C53E63BD /* KanjiDataModel.swift */ = {isa = PBXFileReference; lastKnownFileType = sourcecode.swift; path = KanjiDataModel.swift; sourceTree = "<group>"; };
		DD64E77F305A0797D38EC789 /* DomainKit.framework */ = {isa = PBXFileReference; explicitFileType = wrapper.framework; includeInIndex = 0; path = DomainKit.framework; sourceTree = BUILT_PRODUCTS_DIR; };
		ED9A7F68060061C2401D2C03 /* CoreKit.framework */ = {isa = PBXFileReference; explicitFileType = wrapper.framework; includeInIndex = 0; path = CoreKit.framework; sourceTree = BUILT_PRODUCTS_DIR; };
/* End PBXFileReference section */

/* Begin PBXFrameworksBuildPhase section */
		3F48AAE78DD50E6CADC4B8C1 /* Frameworks */ = {
			isa = PBXFrameworksBuildPhase;
			buildActionMask = 2147483647;
			files = (
				71EF2970551DDFE63F9EEB8C /* CoreKit.framework in Frameworks */,
			);
			runOnlyForDeploymentPostprocessing = 0;
		};
/* End PBXFrameworksBuildPhase section */

/* Begin PBXGroup section */
		030E81A52A67833BFDF7261A = {
			isa = PBXGroup;
			children = (
				D56D161954FBD5B47D4E2CCD /* Project */,
				DEC69AB8D5F55D9FCF67A47E /* Products */,
			);
			sourceTree = "<group>";
		};
		5DEE19FAE97EAAC34D702A88 /* InfoPlists */ = {
			isa = PBXGroup;
			children = (
				41D7C3680CD7590740228CA6 /* DomainKit-Info.plist */,
			);
			path = InfoPlists;
			sourceTree = "<group>";
		};
		6BF8F2F649DCF1CAFBD278E7 /* Derived */ = {
			isa = PBXGroup;
			children = (
				5DEE19FAE97EAAC34D702A88 /* InfoPlists */,
			);
			path = Derived;
			sourceTree = "<group>";
		};
		AB0E4ACB98106CB0A1FC0D01 /* Sources */ = {
			isa = PBXGroup;
			children = (
				CE0DC4982D03B24A9463FD8C /* SwiftDataModel */,
				536A78DF04D7452DC5260ACC /* DomainKit.swift */,
			);
			path = Sources;
			sourceTree = "<group>";
		};
		CE0DC4982D03B24A9463FD8C /* SwiftDataModel */ = {
			isa = PBXGroup;
			children = (
				AEE2AB4F5531D4E0C53E63BD /* KanjiDataModel.swift */,
				1F3AD9E40AF44264D7FDE6C0 /* VocabDataModel.swift */,
			);
			path = SwiftDataModel;
			sourceTree = "<group>";
		};
		D56D161954FBD5B47D4E2CCD /* Project */ = {
			isa = PBXGroup;
			children = (
				6BF8F2F649DCF1CAFBD278E7 /* Derived */,
				AB0E4ACB98106CB0A1FC0D01 /* Sources */,
			);
			name = Project;
			sourceTree = "<group>";
		};
		DEC69AB8D5F55D9FCF67A47E /* Products */ = {
			isa = PBXGroup;
			children = (
				ED9A7F68060061C2401D2C03 /* CoreKit.framework */,
				DD64E77F305A0797D38EC789 /* DomainKit.framework */,
			);
			name = Products;
			sourceTree = "<group>";
		};
/* End PBXGroup section */

/* Begin PBXNativeTarget section */
		811EA4273DAB3937B4010303 /* DomainKit */ = {
			isa = PBXNativeTarget;
			buildConfigurationList = 0DDA2631672BCD8A0274B49B /* Build configuration list for PBXNativeTarget "DomainKit" */;
			buildPhases = (
				7D5F2B08453B729163FCD524 /* Sources */,
				7F4EE891BCEF29A36C5A9FCF /* Resources */,
				3F48AAE78DD50E6CADC4B8C1 /* Frameworks */,
				20F38386E12C97F36C2C41D3 /* Embed Frameworks */,
			);
			buildRules = (
			);
			dependencies = (
			);
			name = DomainKit;
			packageProductDependencies = (
			);
			productName = DomainKit;
			productReference = DD64E77F305A0797D38EC789 /* DomainKit.framework */;
			productType = "com.apple.product-type.framework";
		};
/* End PBXNativeTarget section */

/* Begin PBXProject section */
		17B55179C29F75D28A48CBCB /* Project object */ = {
			isa = PBXProject;
			attributes = {
				BuildIndependentTargetsInParallel = YES;
			};
			buildConfigurationList = 68490CBBBE14752559C56A81 /* Build configuration list for PBXProject "DomainKit" */;
			compatibilityVersion = "Xcode 14.0";
			developmentRegion = en;
			hasScannedForEncodings = 0;
			knownRegions = (
				Base,
				en,
			);
			mainGroup = 030E81A52A67833BFDF7261A;
			productRefGroup = DEC69AB8D5F55D9FCF67A47E /* Products */;
			projectDirPath = "";
			projectRoot = "";
			targets = (
				811EA4273DAB3937B4010303 /* DomainKit */,
			);
		};
/* End PBXProject section */

/* Begin PBXResourcesBuildPhase section */
		7F4EE891BCEF29A36C5A9FCF /* Resources */ = {
			isa = PBXResourcesBuildPhase;
			buildActionMask = 2147483647;
			files = (
			);
			runOnlyForDeploymentPostprocessing = 0;
		};
/* End PBXResourcesBuildPhase section */

/* Begin PBXSourcesBuildPhase section */
		7D5F2B08453B729163FCD524 /* Sources */ = {
			isa = PBXSourcesBuildPhase;
			buildActionMask = 2147483647;
			files = (
				9BE024B8AF1B8E9C150B249C /* DomainKit.swift in Sources */,
				5FF6D3F1A4A5B52208BC8228 /* KanjiDataModel.swift in Sources */,
				5D15575A7E2516F010264583 /* VocabDataModel.swift in Sources */,
			);
			runOnlyForDeploymentPostprocessing = 0;
		};
/* End PBXSourcesBuildPhase section */

/* Begin XCBuildConfiguration section */
		05B6974DD031757CF77DCC5B /* Release */ = {
			isa = XCBuildConfiguration;
			buildSettings = {
				ALWAYS_SEARCH_USER_PATHS = NO;
				CLANG_ANALYZER_LOCALIZABILITY_NONLOCALIZED = YES;
				CLANG_ANALYZER_NONNULL = YES;
				CLANG_ANALYZER_NUMBER_OBJECT_CONVERSION = YES_AGGRESSIVE;
				CLANG_CXX_LANGUAGE_STANDARD = "gnu++14";
				CLANG_CXX_LIBRARY = "libc++";
				CLANG_ENABLE_MODULES = YES;
				CLANG_ENABLE_OBJC_ARC = YES;
				CLANG_ENABLE_OBJC_WEAK = YES;
				CLANG_WARN_BLOCK_CAPTURE_AUTORELEASING = YES;
				CLANG_WARN_BOOL_CONVERSION = YES;
				CLANG_WARN_COMMA = YES;
				CLANG_WARN_CONSTANT_CONVERSION = YES;
				CLANG_WARN_DEPRECATED_OBJC_IMPLEMENTATIONS = YES;
				CLANG_WARN_DIRECT_OBJC_ISA_USAGE = YES_ERROR;
				CLANG_WARN_DOCUMENTATION_COMMENTS = YES;
				CLANG_WARN_EMPTY_BODY = YES;
				CLANG_WARN_ENUM_CONVERSION = YES;
				CLANG_WARN_INFINITE_RECURSION = YES;
				CLANG_WARN_INT_CONVERSION = YES;
				CLANG_WARN_NON_LITERAL_NULL_CONVERSION = YES;
				CLANG_WARN_OBJC_IMPLICIT_RETAIN_SELF = YES;
				CLANG_WARN_OBJC_LITERAL_CONVERSION = YES;
				CLANG_WARN_OBJC_ROOT_CLASS = YES_ERROR;
				CLANG_WARN_QUOTED_INCLUDE_IN_FRAMEWORK_HEADER = YES;
				CLANG_WARN_RANGE_LOOP_ANALYSIS = YES;
				CLANG_WARN_STRICT_PROTOTYPES = YES;
				CLANG_WARN_SUSPICIOUS_MOVE = YES;
				CLANG_WARN_UNGUARDED_AVAILABILITY = YES_AGGRESSIVE;
				CLANG_WARN_UNREACHABLE_CODE = YES;
				CLANG_WARN__DUPLICATE_METHOD_MATCH = YES;
				COPY_PHASE_STRIP = NO;
				DEAD_CODE_STRIPPING = YES;
				DEBUG_INFORMATION_FORMAT = "dwarf-with-dsym";
				ENABLE_NS_ASSERTIONS = NO;
				ENABLE_STRICT_OBJC_MSGSEND = YES;
				GCC_C_LANGUAGE_STANDARD = gnu11;
				GCC_NO_COMMON_BLOCKS = YES;
				GCC_WARN_64_TO_32_BIT_CONVERSION = YES;
				GCC_WARN_ABOUT_RETURN_TYPE = YES_ERROR;
				GCC_WARN_UNDECLARED_SELECTOR = YES;
				GCC_WARN_UNINITIALIZED_AUTOS = YES_AGGRESSIVE;
				GCC_WARN_UNUSED_FUNCTION = YES;
				GCC_WARN_UNUSED_VARIABLE = YES;
				MTL_ENABLE_DEBUG_INFO = NO;
				PRODUCT_NAME = "$(TARGET_NAME)";
				VALIDATE_PRODUCT = YES;
			};
			name = Release;
		};
		53ACE75BC828AA67B5BC6F4F /* Release */ = {
			isa = XCBuildConfiguration;
			buildSettings = {
				CODE_SIGN_IDENTITY = "";
				CURRENT_PROJECT_VERSION = 1;
				DEFINES_MODULE = YES;
				DYLIB_COMPATIBILITY_VERSION = 1;
				DYLIB_CURRENT_VERSION = 1;
				DYLIB_INSTALL_NAME_BASE = "@rpath";
				INFOPLIST_FILE = "Derived/InfoPlists/DomainKit-Info.plist";
				INSTALL_PATH = "$(LOCAL_LIBRARY_DIR)/Frameworks";
				IPHONEOS_DEPLOYMENT_TARGET = 18.0;
				LD_RUNPATH_SEARCH_PATHS = (
					"$(inherited)",
					"@executable_path/Frameworks",
					"@loader_path/Frameworks",
				);
				PRODUCT_BUNDLE_IDENTIFIER = com.zeroemotion.DomainKit;
				PRODUCT_NAME = DomainKit;
				SDKROOT = iphoneos;
				SKIP_INSTALL = YES;
				SUPPORTS_MACCATALYST = NO;
				SUPPORTS_MAC_DESIGNED_FOR_IPHONE_IPAD = NO;
				SUPPORTS_XR_DESIGNED_FOR_IPHONE_IPAD = NO;
				SWIFT_COMPILATION_MODE = wholemodule;
				SWIFT_OPTIMIZATION_LEVEL = "-Owholemodule";
				SWIFT_VERSION = 5.0;
				TARGETED_DEVICE_FAMILY = 1;
				VERSIONING_SYSTEM = "apple-generic";
				VERSION_INFO_PREFIX = "";
			};
			name = Release;
		};
		54D88D11390FA4DDAC9B754E /* Debug */ = {
			isa = XCBuildConfiguration;
			buildSettings = {
				ALWAYS_SEARCH_USER_PATHS = NO;
				CLANG_ANALYZER_LOCALIZABILITY_NONLOCALIZED = YES;
				CLANG_ANALYZER_NONNULL = YES;
				CLANG_ANALYZER_NUMBER_OBJECT_CONVERSION = YES_AGGRESSIVE;
				CLANG_CXX_LANGUAGE_STANDARD = "gnu++14";
				CLANG_CXX_LIBRARY = "libc++";
				CLANG_ENABLE_MODULES = YES;
				CLANG_ENABLE_OBJC_ARC = YES;
				CLANG_ENABLE_OBJC_WEAK = YES;
				CLANG_WARN_BLOCK_CAPTURE_AUTORELEASING = YES;
				CLANG_WARN_BOOL_CONVERSION = YES;
				CLANG_WARN_COMMA = YES;
				CLANG_WARN_CONSTANT_CONVERSION = YES;
				CLANG_WARN_DEPRECATED_OBJC_IMPLEMENTATIONS = YES;
				CLANG_WARN_DIRECT_OBJC_ISA_USAGE = YES_ERROR;
				CLANG_WARN_DOCUMENTATION_COMMENTS = YES;
				CLANG_WARN_EMPTY_BODY = YES;
				CLANG_WARN_ENUM_CONVERSION = YES;
				CLANG_WARN_INFINITE_RECURSION = YES;
				CLANG_WARN_INT_CONVERSION = YES;
				CLANG_WARN_NON_LITERAL_NULL_CONVERSION = YES;
				CLANG_WARN_OBJC_IMPLICIT_RETAIN_SELF = YES;
				CLANG_WARN_OBJC_LITERAL_CONVERSION = YES;
				CLANG_WARN_OBJC_ROOT_CLASS = YES_ERROR;
				CLANG_WARN_QUOTED_INCLUDE_IN_FRAMEWORK_HEADER = YES;
				CLANG_WARN_RANGE_LOOP_ANALYSIS = YES;
				CLANG_WARN_STRICT_PROTOTYPES = YES;
				CLANG_WARN_SUSPICIOUS_MOVE = YES;
				CLANG_WARN_UNGUARDED_AVAILABILITY = YES_AGGRESSIVE;
				CLANG_WARN_UNREACHABLE_CODE = YES;
				CLANG_WARN__DUPLICATE_METHOD_MATCH = YES;
				COPY_PHASE_STRIP = NO;
				DEAD_CODE_STRIPPING = YES;
				DEBUG_INFORMATION_FORMAT = dwarf;
				ENABLE_STRICT_OBJC_MSGSEND = YES;
				ENABLE_TESTABILITY = YES;
				GCC_C_LANGUAGE_STANDARD = gnu11;
				GCC_DYNAMIC_NO_PIC = NO;
				GCC_NO_COMMON_BLOCKS = YES;
				GCC_OPTIMIZATION_LEVEL = 0;
				GCC_PREPROCESSOR_DEFINITIONS = (
					"DEBUG=1",
					"$(inherited)",
				);
				GCC_WARN_64_TO_32_BIT_CONVERSION = YES;
				GCC_WARN_ABOUT_RETURN_TYPE = YES_ERROR;
				GCC_WARN_UNDECLARED_SELECTOR = YES;
				GCC_WARN_UNINITIALIZED_AUTOS = YES_AGGRESSIVE;
				GCC_WARN_UNUSED_FUNCTION = YES;
				GCC_WARN_UNUSED_VARIABLE = YES;
				MTL_ENABLE_DEBUG_INFO = YES;
				ONLY_ACTIVE_ARCH = YES;
				PRODUCT_NAME = "$(TARGET_NAME)";
			};
			name = Debug;
		};
		E0625C9420FEADE3BF7D2D46 /* Debug */ = {
			isa = XCBuildConfiguration;
			buildSettings = {
				CODE_SIGN_IDENTITY = "";
				CURRENT_PROJECT_VERSION = 1;
				DEFINES_MODULE = YES;
				DYLIB_COMPATIBILITY_VERSION = 1;
				DYLIB_CURRENT_VERSION = 1;
				DYLIB_INSTALL_NAME_BASE = "@rpath";
				INFOPLIST_FILE = "Derived/InfoPlists/DomainKit-Info.plist";
				INSTALL_PATH = "$(LOCAL_LIBRARY_DIR)/Frameworks";
				IPHONEOS_DEPLOYMENT_TARGET = 18.0;
				LD_RUNPATH_SEARCH_PATHS = (
					"$(inherited)",
					"@executable_path/Frameworks",
					"@loader_path/Frameworks",
				);
				PRODUCT_BUNDLE_IDENTIFIER = com.zeroemotion.DomainKit;
				PRODUCT_NAME = DomainKit;
				SDKROOT = iphoneos;
				SKIP_INSTALL = YES;
				SUPPORTS_MACCATALYST = NO;
				SUPPORTS_MAC_DESIGNED_FOR_IPHONE_IPAD = NO;
				SUPPORTS_XR_DESIGNED_FOR_IPHONE_IPAD = NO;
				SWIFT_ACTIVE_COMPILATION_CONDITIONS = (
					"$(inherited)",
					DEBUG,
				);
				SWIFT_COMPILATION_MODE = singlefile;
				SWIFT_OPTIMIZATION_LEVEL = "-Onone";
				SWIFT_VERSION = 5.0;
				TARGETED_DEVICE_FAMILY = 1;
				VERSIONING_SYSTEM = "apple-generic";
				VERSION_INFO_PREFIX = "";
			};
			name = Debug;
		};
/* End XCBuildConfiguration section */

/* Begin XCConfigurationList section */
		0DDA2631672BCD8A0274B49B /* Build configuration list for PBXNativeTarget "DomainKit" */ = {
			isa = XCConfigurationList;
			buildConfigurations = (
				E0625C9420FEADE3BF7D2D46 /* Debug */,
				53ACE75BC828AA67B5BC6F4F /* Release */,
			);
			defaultConfigurationIsVisible = 0;
			defaultConfigurationName = Release;
		};
		68490CBBBE14752559C56A81 /* Build configuration list for PBXProject "DomainKit" */ = {
			isa = XCConfigurationList;
			buildConfigurations = (
				54D88D11390FA4DDAC9B754E /* Debug */,
				05B6974DD031757CF77DCC5B /* Release */,
			);
			defaultConfigurationIsVisible = 0;
			defaultConfigurationName = Release;
		};
/* End XCConfigurationList section */
	};
	rootObject = 17B55179C29F75D28A48CBCB /* Project object */;
}
