// !$*UTF8*$!
{
	archiveVersion = 1;
	classes = {
	};
	objectVersion = 56;
	objects = {

/* Begin PBXBuildFile section */
		1F459A7B907EA211C7A3A65D /* GetAllKanjiUseCase.swift in Sources */ = {isa = PBXBuildFile; fileRef = 289706FD11BC59976ABBADCB /* GetAllKanjiUseCase.swift */; };
		242CF9BEFE87A869124DA52C /* InstructionShape.swift in Sources */ = {isa = PBXBuildFile; fileRef = F9B96F47C639B9096050498F /* InstructionShape.swift */; };
		3F2648112CB78C173072FCEF /* UpdateKotobaUseCase.swift in Sources */ = {isa = PBXBuildFile; fileRef = 73551AF4758164C298AEECBA /* UpdateKotobaUseCase.swift */; };
		574A66D6999A1FE03805C86F /* GetWordsProgressUseCase.swift in Sources */ = {isa = PBXBuildFile; fileRef = E2C39837DA9C0326522F1EB7 /* GetWordsProgressUseCase.swift */; };
		5DE8BC33C9E536E53875CC87 /* Spotlight.swift in Sources */ = {isa = PBXBuildFile; fileRef = 22B61A335EF18A298EA9E57C /* Spotlight.swift */; };
		67F85A613785C61439C971E1 /* GetKanjiDataUseCase.swift in Sources */ = {isa = PBXBuildFile; fileRef = 7CCABEA77221A99635C88804 /* GetKanjiDataUseCase.swift */; };
		816C8683135AB3F7E9B2936C /* UpdateProgressUserDefaults.swift in Sources */ = {isa = PBXBuildFile; fileRef = 750D1854968FDAA6EFC9C14F /* UpdateProgressUserDefaults.swift */; };
		8631C4AC3AB6983B600B6A3E /* CoachmarkExampleView.swift in Sources */ = {isa = PBXBuildFile; fileRef = 7FBB91A76AD923CEA49D0846 /* CoachmarkExampleView.swift */; };
		8AF8423673BE38C4FD88B819 /* AddKotobaUseCase.swift in Sources */ = {isa = PBXBuildFile; fileRef = E83A18C3D057529AD8686F8E /* AddKotobaUseCase.swift */; };
		90BD892F4F17EC07D1682A49 /* UpdateWordsProgressUseCase.swift in Sources */ = {isa = PBXBuildFile; fileRef = A12D08EBF5524A9DC58E9157 /* UpdateWordsProgressUseCase.swift */; };
		91F2E1634E5996FD8EDFB8CC /* CoachmarkBoundsKey.swift in Sources */ = {isa = PBXBuildFile; fileRef = 8DB434BC3081595ECA550FD1 /* CoachmarkBoundsKey.swift */; };
		97261E0B107E85DA6F8D6E16 /* GetAllKotobaUseCase.swift in Sources */ = {isa = PBXBuildFile; fileRef = 0071615F2DF3A6CC4A8CD62D /* GetAllKotobaUseCase.swift */; };
		9742A2641DA4F5B494F91693 /* GetKanjiDetailUseCase.swift in Sources */ = {isa = PBXBuildFile; fileRef = 942D21B0B0CA105ED42EB76E /* GetKanjiDetailUseCase.swift */; };
		9B17A7DEE8620E6A500A198D /* DeleteKanjiUseCase.swift in Sources */ = {isa = PBXBuildFile; fileRef = C43BC1246B4F77A43D691833 /* DeleteKanjiUseCase.swift */; };
		AF19C214C830F8E5BEB95003 /* GetKotobaDetailUseCase.swift in Sources */ = {isa = PBXBuildFile; fileRef = D0316F64E1C5725F5540CEAB /* GetKotobaDetailUseCase.swift */; };
		B0B8D42172B4FA18B99E1BCA /* DeleteKotobaUseCase.swift in Sources */ = {isa = PBXBuildFile; fileRef = A122B035FE1DD184DCF36FDC /* DeleteKotobaUseCase.swift */; };
		B459FDAE2E091B120005B95B /* GetKanjiWaniKaniUseCase.swift in Sources */ = {isa = PBXBuildFile; fileRef = B459FDAD2E091B120005B95B /* GetKanjiWaniKaniUseCase.swift */; };
		D46611E90EF085A3519D17E7 /* SpotlightBoundsKey.swift in Sources */ = {isa = PBXBuildFile; fileRef = E4E8F362C709CFFBB6A46ECC /* SpotlightBoundsKey.swift */; };
		DF6B54F43BED24A8D4D7E358 /* UpdateKanjiUseCase.swift in Sources */ = {isa = PBXBuildFile; fileRef = 0CA14204CCA1AC1BE6039D52 /* UpdateKanjiUseCase.swift */; };
		E3A18540009F4257C2D666BB /* CoachmarkView.swift in Sources */ = {isa = PBXBuildFile; fileRef = 1A28C181057DAF5C93FF61B3 /* CoachmarkView.swift */; };
		E84F3B2C9B11AAD7633A5FFC /* DataKit.framework in Frameworks */ = {isa = PBXBuildFile; fileRef = F1BB86EFCCE3EB19685E0DD8 /* DataKit.framework */; };
		F0F05127479E2FFA49FCB139 /* GetKotobaDataUseCase.swift in Sources */ = {isa = PBXBuildFile; fileRef = 2C1A5A014AD03388062C2661 /* GetKotobaDataUseCase.swift */; };
		FFA612976E12CD4F166F0F31 /* AddKanjiUseCase.swift in Sources */ = {isa = PBXBuildFile; fileRef = 78B9BA6310A23F16C5788BF8 /* AddKanjiUseCase.swift */; };
/* End PBXBuildFile section */

/* Begin PBXCopyFilesBuildPhase section */
		20F38386E12C97F36C2C41D3 /* Embed Frameworks */ = {
			isa = PBXCopyFilesBuildPhase;
			buildActionMask = 2147483647;
			dstPath = "";
			dstSubfolderSpec = 10;
			files = (
			);
			name = "Embed Frameworks";
			runOnlyForDeploymentPostprocessing = 0;
		};
/* End PBXCopyFilesBuildPhase section */

/* Begin PBXFileReference section */
		0071615F2DF3A6CC4A8CD62D /* GetAllKotobaUseCase.swift */ = {isa = PBXFileReference; lastKnownFileType = sourcecode.swift; path = GetAllKotobaUseCase.swift; sourceTree = "<group>"; };
		0CA14204CCA1AC1BE6039D52 /* UpdateKanjiUseCase.swift */ = {isa = PBXFileReference; lastKnownFileType = sourcecode.swift; path = UpdateKanjiUseCase.swift; sourceTree = "<group>"; };
		1A28C181057DAF5C93FF61B3 /* CoachmarkView.swift */ = {isa = PBXFileReference; lastKnownFileType = sourcecode.swift; path = CoachmarkView.swift; sourceTree = "<group>"; };
		22B61A335EF18A298EA9E57C /* Spotlight.swift */ = {isa = PBXFileReference; lastKnownFileType = sourcecode.swift; path = Spotlight.swift; sourceTree = "<group>"; };
		289706FD11BC59976ABBADCB /* GetAllKanjiUseCase.swift */ = {isa = PBXFileReference; lastKnownFileType = sourcecode.swift; path = GetAllKanjiUseCase.swift; sourceTree = "<group>"; };
		2C1A5A014AD03388062C2661 /* GetKotobaDataUseCase.swift */ = {isa = PBXFileReference; lastKnownFileType = sourcecode.swift; path = GetKotobaDataUseCase.swift; sourceTree = "<group>"; };
		41D7C3680CD7590740228CA6 /* DomainKit-Info.plist */ = {isa = PBXFileReference; lastKnownFileType = text.plist; path = "DomainKit-Info.plist"; sourceTree = "<group>"; };
		73551AF4758164C298AEECBA /* UpdateKotobaUseCase.swift */ = {isa = PBXFileReference; lastKnownFileType = sourcecode.swift; path = UpdateKotobaUseCase.swift; sourceTree = "<group>"; };
		750D1854968FDAA6EFC9C14F /* UpdateProgressUserDefaults.swift */ = {isa = PBXFileReference; lastKnownFileType = sourcecode.swift; path = UpdateProgressUserDefaults.swift; sourceTree = "<group>"; };
		78B9BA6310A23F16C5788BF8 /* AddKanjiUseCase.swift */ = {isa = PBXFileReference; lastKnownFileType = sourcecode.swift; path = AddKanjiUseCase.swift; sourceTree = "<group>"; };
		7CCABEA77221A99635C88804 /* GetKanjiDataUseCase.swift */ = {isa = PBXFileReference; lastKnownFileType = sourcecode.swift; path = GetKanjiDataUseCase.swift; sourceTree = "<group>"; };
		7FBB91A76AD923CEA49D0846 /* CoachmarkExampleView.swift */ = {isa = PBXFileReference; lastKnownFileType = sourcecode.swift; path = CoachmarkExampleView.swift; sourceTree = "<group>"; };
		8DB434BC3081595ECA550FD1 /* CoachmarkBoundsKey.swift */ = {isa = PBXFileReference; lastKnownFileType = sourcecode.swift; path = CoachmarkBoundsKey.swift; sourceTree = "<group>"; };
		942D21B0B0CA105ED42EB76E /* GetKanjiDetailUseCase.swift */ = {isa = PBXFileReference; lastKnownFileType = sourcecode.swift; path = GetKanjiDetailUseCase.swift; sourceTree = "<group>"; };
		A122B035FE1DD184DCF36FDC /* DeleteKotobaUseCase.swift */ = {isa = PBXFileReference; lastKnownFileType = sourcecode.swift; path = DeleteKotobaUseCase.swift; sourceTree = "<group>"; };
		A12D08EBF5524A9DC58E9157 /* UpdateWordsProgressUseCase.swift */ = {isa = PBXFileReference; lastKnownFileType = sourcecode.swift; path = UpdateWordsProgressUseCase.swift; sourceTree = "<group>"; };
		B459FDAD2E091B120005B95B /* GetKanjiWaniKaniUseCase.swift */ = {isa = PBXFileReference; lastKnownFileType = sourcecode.swift; path = GetKanjiWaniKaniUseCase.swift; sourceTree = "<group>"; };
		C43BC1246B4F77A43D691833 /* DeleteKanjiUseCase.swift */ = {isa = PBXFileReference; lastKnownFileType = sourcecode.swift; path = DeleteKanjiUseCase.swift; sourceTree = "<group>"; };
		D0316F64E1C5725F5540CEAB /* GetKotobaDetailUseCase.swift */ = {isa = PBXFileReference; lastKnownFileType = sourcecode.swift; path = GetKotobaDetailUseCase.swift; sourceTree = "<group>"; };
		DD64E77F305A0797D38EC789 /* DomainKit.framework */ = {isa = PBXFileReference; explicitFileType = wrapper.framework; includeInIndex = 0; path = DomainKit.framework; sourceTree = BUILT_PRODUCTS_DIR; };
		E2C39837DA9C0326522F1EB7 /* GetWordsProgressUseCase.swift */ = {isa = PBXFileReference; lastKnownFileType = sourcecode.swift; path = GetWordsProgressUseCase.swift; sourceTree = "<group>"; };
		E4E8F362C709CFFBB6A46ECC /* SpotlightBoundsKey.swift */ = {isa = PBXFileReference; lastKnownFileType = sourcecode.swift; path = SpotlightBoundsKey.swift; sourceTree = "<group>"; };
		E83A18C3D057529AD8686F8E /* AddKotobaUseCase.swift */ = {isa = PBXFileReference; lastKnownFileType = sourcecode.swift; path = AddKotobaUseCase.swift; sourceTree = "<group>"; };
		F1BB86EFCCE3EB19685E0DD8 /* DataKit.framework */ = {isa = PBXFileReference; explicitFileType = wrapper.framework; includeInIndex = 0; path = DataKit.framework; sourceTree = BUILT_PRODUCTS_DIR; };
		F9B96F47C639B9096050498F /* InstructionShape.swift */ = {isa = PBXFileReference; lastKnownFileType = sourcecode.swift; path = InstructionShape.swift; sourceTree = "<group>"; };
/* End PBXFileReference section */

/* Begin PBXFrameworksBuildPhase section */
		3F48AAE78DD50E6CADC4B8C1 /* Frameworks */ = {
			isa = PBXFrameworksBuildPhase;
			buildActionMask = 2147483647;
			files = (
				E84F3B2C9B11AAD7633A5FFC /* DataKit.framework in Frameworks */,
			);
			runOnlyForDeploymentPostprocessing = 0;
		};
/* End PBXFrameworksBuildPhase section */

/* Begin PBXGroup section */
		030E81A52A67833BFDF7261A = {
			isa = PBXGroup;
			children = (
				D56D161954FBD5B47D4E2CCD /* Project */,
				DEC69AB8D5F55D9FCF67A47E /* Products */,
			);
			sourceTree = "<group>";
		};
		08FDEF940AFF91990ECC2355 /* Components */ = {
			isa = PBXGroup;
			children = (
				F98FADF682A60E77D949A26E /* Coachmarks */,
				DBA301B217C614DF6FD83FE7 /* Spotlight */,
				F9B96F47C639B9096050498F /* InstructionShape.swift */,
			);
			path = Components;
			sourceTree = "<group>";
		};
		26CD0AC5B8F6066720AD1D10 /* Vocab */ = {
			isa = PBXGroup;
			children = (
				B459FDAD2E091B120005B95B /* GetKanjiWaniKaniUseCase.swift */,
				7CCABEA77221A99635C88804 /* GetKanjiDataUseCase.swift */,
				2C1A5A014AD03388062C2661 /* GetKotobaDataUseCase.swift */,
			);
			path = Vocab;
			sourceTree = "<group>";
		};
		5DEE19FAE97EAAC34D702A88 /* InfoPlists */ = {
			isa = PBXGroup;
			children = (
				41D7C3680CD7590740228CA6 /* DomainKit-Info.plist */,
			);
			path = InfoPlists;
			sourceTree = "<group>";
		};
		6BF8F2F649DCF1CAFBD278E7 /* Derived */ = {
			isa = PBXGroup;
			children = (
				5DEE19FAE97EAAC34D702A88 /* InfoPlists */,
			);
			path = Derived;
			sourceTree = "<group>";
		};
		AB0E4ACB98106CB0A1FC0D01 /* Sources */ = {
			isa = PBXGroup;
			children = (
				08FDEF940AFF91990ECC2355 /* Components */,
				B1D325C5B0D1CAE56EEF1071 /* UseCase */,
			);
			path = Sources;
			sourceTree = "<group>";
		};
		B1D325C5B0D1CAE56EEF1071 /* UseCase */ = {
			isa = PBXGroup;
			children = (
				E252F0ED4DE0A5EFC0B50A97 /* Kanji */,
				F08EE253117E2E2AB98AD720 /* Kotoba */,
				26CD0AC5B8F6066720AD1D10 /* Vocab */,
				E99C85AFDB17CD737E694663 /* WordsProgress */,
			);
			path = UseCase;
			sourceTree = "<group>";
		};
		D56D161954FBD5B47D4E2CCD /* Project */ = {
			isa = PBXGroup;
			children = (
				6BF8F2F649DCF1CAFBD278E7 /* Derived */,
				AB0E4ACB98106CB0A1FC0D01 /* Sources */,
			);
			name = Project;
			sourceTree = "<group>";
		};
		DBA301B217C614DF6FD83FE7 /* Spotlight */ = {
			isa = PBXGroup;
			children = (
				22B61A335EF18A298EA9E57C /* Spotlight.swift */,
				E4E8F362C709CFFBB6A46ECC /* SpotlightBoundsKey.swift */,
			);
			path = Spotlight;
			sourceTree = "<group>";
		};
		DEC69AB8D5F55D9FCF67A47E /* Products */ = {
			isa = PBXGroup;
			children = (
				F1BB86EFCCE3EB19685E0DD8 /* DataKit.framework */,
				DD64E77F305A0797D38EC789 /* DomainKit.framework */,
			);
			name = Products;
			sourceTree = "<group>";
		};
		E252F0ED4DE0A5EFC0B50A97 /* Kanji */ = {
			isa = PBXGroup;
			children = (
				78B9BA6310A23F16C5788BF8 /* AddKanjiUseCase.swift */,
				C43BC1246B4F77A43D691833 /* DeleteKanjiUseCase.swift */,
				289706FD11BC59976ABBADCB /* GetAllKanjiUseCase.swift */,
				942D21B0B0CA105ED42EB76E /* GetKanjiDetailUseCase.swift */,
				0CA14204CCA1AC1BE6039D52 /* UpdateKanjiUseCase.swift */,
			);
			path = Kanji;
			sourceTree = "<group>";
		};
		E99C85AFDB17CD737E694663 /* WordsProgress */ = {
			isa = PBXGroup;
			children = (
				E2C39837DA9C0326522F1EB7 /* GetWordsProgressUseCase.swift */,
				750D1854968FDAA6EFC9C14F /* UpdateProgressUserDefaults.swift */,
				A12D08EBF5524A9DC58E9157 /* UpdateWordsProgressUseCase.swift */,
			);
			path = WordsProgress;
			sourceTree = "<group>";
		};
		F08EE253117E2E2AB98AD720 /* Kotoba */ = {
			isa = PBXGroup;
			children = (
				E83A18C3D057529AD8686F8E /* AddKotobaUseCase.swift */,
				A122B035FE1DD184DCF36FDC /* DeleteKotobaUseCase.swift */,
				0071615F2DF3A6CC4A8CD62D /* GetAllKotobaUseCase.swift */,
				D0316F64E1C5725F5540CEAB /* GetKotobaDetailUseCase.swift */,
				73551AF4758164C298AEECBA /* UpdateKotobaUseCase.swift */,
			);
			path = Kotoba;
			sourceTree = "<group>";
		};
		F98FADF682A60E77D949A26E /* Coachmarks */ = {
			isa = PBXGroup;
			children = (
				8DB434BC3081595ECA550FD1 /* CoachmarkBoundsKey.swift */,
				7FBB91A76AD923CEA49D0846 /* CoachmarkExampleView.swift */,
				1A28C181057DAF5C93FF61B3 /* CoachmarkView.swift */,
			);
			path = Coachmarks;
			sourceTree = "<group>";
		};
/* End PBXGroup section */

/* Begin PBXNativeTarget section */
		811EA4273DAB3937B4010303 /* DomainKit */ = {
			isa = PBXNativeTarget;
			buildConfigurationList = 0DDA2631672BCD8A0274B49B /* Build configuration list for PBXNativeTarget "DomainKit" */;
			buildPhases = (
				7D5F2B08453B729163FCD524 /* Sources */,
				7F4EE891BCEF29A36C5A9FCF /* Resources */,
				3F48AAE78DD50E6CADC4B8C1 /* Frameworks */,
				20F38386E12C97F36C2C41D3 /* Embed Frameworks */,
			);
			buildRules = (
			);
			dependencies = (
			);
			name = DomainKit;
			packageProductDependencies = (
			);
			productName = DomainKit;
			productReference = DD64E77F305A0797D38EC789 /* DomainKit.framework */;
			productType = "com.apple.product-type.framework";
		};
/* End PBXNativeTarget section */

/* Begin PBXProject section */
		17B55179C29F75D28A48CBCB /* Project object */ = {
			isa = PBXProject;
			attributes = {
				BuildIndependentTargetsInParallel = YES;
			};
			buildConfigurationList = 68490CBBBE14752559C56A81 /* Build configuration list for PBXProject "DomainKit" */;
			compatibilityVersion = "Xcode 14.0";
			developmentRegion = en;
			hasScannedForEncodings = 0;
			knownRegions = (
				Base,
				en,
			);
			mainGroup = 030E81A52A67833BFDF7261A;
			productRefGroup = DEC69AB8D5F55D9FCF67A47E /* Products */;
			projectDirPath = "";
			projectRoot = "";
			targets = (
				811EA4273DAB3937B4010303 /* DomainKit */,
			);
		};
/* End PBXProject section */

/* Begin PBXResourcesBuildPhase section */
		7F4EE891BCEF29A36C5A9FCF /* Resources */ = {
			isa = PBXResourcesBuildPhase;
			buildActionMask = 2147483647;
			files = (
			);
			runOnlyForDeploymentPostprocessing = 0;
		};
/* End PBXResourcesBuildPhase section */

/* Begin PBXSourcesBuildPhase section */
		7D5F2B08453B729163FCD524 /* Sources */ = {
			isa = PBXSourcesBuildPhase;
			buildActionMask = 2147483647;
			files = (
				91F2E1634E5996FD8EDFB8CC /* CoachmarkBoundsKey.swift in Sources */,
				8631C4AC3AB6983B600B6A3E /* CoachmarkExampleView.swift in Sources */,
				E3A18540009F4257C2D666BB /* CoachmarkView.swift in Sources */,
				242CF9BEFE87A869124DA52C /* InstructionShape.swift in Sources */,
				5DE8BC33C9E536E53875CC87 /* Spotlight.swift in Sources */,
				B459FDAE2E091B120005B95B /* GetKanjiWaniKaniUseCase.swift in Sources */,
				D46611E90EF085A3519D17E7 /* SpotlightBoundsKey.swift in Sources */,
				FFA612976E12CD4F166F0F31 /* AddKanjiUseCase.swift in Sources */,
				9B17A7DEE8620E6A500A198D /* DeleteKanjiUseCase.swift in Sources */,
				1F459A7B907EA211C7A3A65D /* GetAllKanjiUseCase.swift in Sources */,
				9742A2641DA4F5B494F91693 /* GetKanjiDetailUseCase.swift in Sources */,
				DF6B54F43BED24A8D4D7E358 /* UpdateKanjiUseCase.swift in Sources */,
				8AF8423673BE38C4FD88B819 /* AddKotobaUseCase.swift in Sources */,
				B0B8D42172B4FA18B99E1BCA /* DeleteKotobaUseCase.swift in Sources */,
				97261E0B107E85DA6F8D6E16 /* GetAllKotobaUseCase.swift in Sources */,
				AF19C214C830F8E5BEB95003 /* GetKotobaDetailUseCase.swift in Sources */,
				3F2648112CB78C173072FCEF /* UpdateKotobaUseCase.swift in Sources */,
				67F85A613785C61439C971E1 /* GetKanjiDataUseCase.swift in Sources */,
				F0F05127479E2FFA49FCB139 /* GetKotobaDataUseCase.swift in Sources */,
				574A66D6999A1FE03805C86F /* GetWordsProgressUseCase.swift in Sources */,
				816C8683135AB3F7E9B2936C /* UpdateProgressUserDefaults.swift in Sources */,
				90BD892F4F17EC07D1682A49 /* UpdateWordsProgressUseCase.swift in Sources */,
			);
			runOnlyForDeploymentPostprocessing = 0;
		};
/* End PBXSourcesBuildPhase section */

/* Begin XCBuildConfiguration section */
		05B6974DD031757CF77DCC5B /* Release */ = {
			isa = XCBuildConfiguration;
			buildSettings = {
				ALWAYS_SEARCH_USER_PATHS = NO;
				CLANG_ANALYZER_LOCALIZABILITY_NONLOCALIZED = YES;
				CLANG_ANALYZER_NONNULL = YES;
				CLANG_ANALYZER_NUMBER_OBJECT_CONVERSION = YES_AGGRESSIVE;
				CLANG_CXX_LANGUAGE_STANDARD = "gnu++14";
				CLANG_CXX_LIBRARY = "libc++";
				CLANG_ENABLE_MODULES = YES;
				CLANG_ENABLE_OBJC_ARC = YES;
				CLANG_ENABLE_OBJC_WEAK = YES;
				CLANG_WARN_BLOCK_CAPTURE_AUTORELEASING = YES;
				CLANG_WARN_BOOL_CONVERSION = YES;
				CLANG_WARN_COMMA = YES;
				CLANG_WARN_CONSTANT_CONVERSION = YES;
				CLANG_WARN_DEPRECATED_OBJC_IMPLEMENTATIONS = YES;
				CLANG_WARN_DIRECT_OBJC_ISA_USAGE = YES_ERROR;
				CLANG_WARN_DOCUMENTATION_COMMENTS = YES;
				CLANG_WARN_EMPTY_BODY = YES;
				CLANG_WARN_ENUM_CONVERSION = YES;
				CLANG_WARN_INFINITE_RECURSION = YES;
				CLANG_WARN_INT_CONVERSION = YES;
				CLANG_WARN_NON_LITERAL_NULL_CONVERSION = YES;
				CLANG_WARN_OBJC_IMPLICIT_RETAIN_SELF = YES;
				CLANG_WARN_OBJC_LITERAL_CONVERSION = YES;
				CLANG_WARN_OBJC_ROOT_CLASS = YES_ERROR;
				CLANG_WARN_QUOTED_INCLUDE_IN_FRAMEWORK_HEADER = YES;
				CLANG_WARN_RANGE_LOOP_ANALYSIS = YES;
				CLANG_WARN_STRICT_PROTOTYPES = YES;
				CLANG_WARN_SUSPICIOUS_MOVE = YES;
				CLANG_WARN_UNGUARDED_AVAILABILITY = YES_AGGRESSIVE;
				CLANG_WARN_UNREACHABLE_CODE = YES;
				CLANG_WARN__DUPLICATE_METHOD_MATCH = YES;
				COPY_PHASE_STRIP = NO;
				DEAD_CODE_STRIPPING = YES;
				DEBUG_INFORMATION_FORMAT = "dwarf-with-dsym";
				ENABLE_NS_ASSERTIONS = NO;
				ENABLE_STRICT_OBJC_MSGSEND = YES;
				GCC_C_LANGUAGE_STANDARD = gnu11;
				GCC_NO_COMMON_BLOCKS = YES;
				GCC_WARN_64_TO_32_BIT_CONVERSION = YES;
				GCC_WARN_ABOUT_RETURN_TYPE = YES_ERROR;
				GCC_WARN_UNDECLARED_SELECTOR = YES;
				GCC_WARN_UNINITIALIZED_AUTOS = YES_AGGRESSIVE;
				GCC_WARN_UNUSED_FUNCTION = YES;
				GCC_WARN_UNUSED_VARIABLE = YES;
				MTL_ENABLE_DEBUG_INFO = NO;
				PRODUCT_NAME = "$(TARGET_NAME)";
				VALIDATE_PRODUCT = YES;
			};
			name = Release;
		};
		53ACE75BC828AA67B5BC6F4F /* Release */ = {
			isa = XCBuildConfiguration;
			buildSettings = {
				CODE_SIGN_IDENTITY = "";
				CURRENT_PROJECT_VERSION = 1;
				DEFINES_MODULE = YES;
				DYLIB_COMPATIBILITY_VERSION = 1;
				DYLIB_CURRENT_VERSION = 1;
				DYLIB_INSTALL_NAME_BASE = "@rpath";
				INFOPLIST_FILE = "Derived/InfoPlists/DomainKit-Info.plist";
				INSTALL_PATH = "$(LOCAL_LIBRARY_DIR)/Frameworks";
				IPHONEOS_DEPLOYMENT_TARGET = 18.0;
				LD_RUNPATH_SEARCH_PATHS = (
					"$(inherited)",
					"@executable_path/Frameworks",
					"@loader_path/Frameworks",
				);
				PRODUCT_BUNDLE_IDENTIFIER = com.zeroemotion.DomainKit;
				PRODUCT_NAME = DomainKit;
				SDKROOT = iphoneos;
				SKIP_INSTALL = YES;
				SUPPORTS_MACCATALYST = NO;
				SUPPORTS_MAC_DESIGNED_FOR_IPHONE_IPAD = NO;
				SUPPORTS_XR_DESIGNED_FOR_IPHONE_IPAD = NO;
				SWIFT_COMPILATION_MODE = wholemodule;
				SWIFT_OPTIMIZATION_LEVEL = "-Owholemodule";
				SWIFT_VERSION = 5.0;
				TARGETED_DEVICE_FAMILY = 1;
				VERSIONING_SYSTEM = "apple-generic";
				VERSION_INFO_PREFIX = "";
			};
			name = Release;
		};
		54D88D11390FA4DDAC9B754E /* Debug */ = {
			isa = XCBuildConfiguration;
			buildSettings = {
				ALWAYS_SEARCH_USER_PATHS = NO;
				CLANG_ANALYZER_LOCALIZABILITY_NONLOCALIZED = YES;
				CLANG_ANALYZER_NONNULL = YES;
				CLANG_ANALYZER_NUMBER_OBJECT_CONVERSION = YES_AGGRESSIVE;
				CLANG_CXX_LANGUAGE_STANDARD = "gnu++14";
				CLANG_CXX_LIBRARY = "libc++";
				CLANG_ENABLE_MODULES = YES;
				CLANG_ENABLE_OBJC_ARC = YES;
				CLANG_ENABLE_OBJC_WEAK = YES;
				CLANG_WARN_BLOCK_CAPTURE_AUTORELEASING = YES;
				CLANG_WARN_BOOL_CONVERSION = YES;
				CLANG_WARN_COMMA = YES;
				CLANG_WARN_CONSTANT_CONVERSION = YES;
				CLANG_WARN_DEPRECATED_OBJC_IMPLEMENTATIONS = YES;
				CLANG_WARN_DIRECT_OBJC_ISA_USAGE = YES_ERROR;
				CLANG_WARN_DOCUMENTATION_COMMENTS = YES;
				CLANG_WARN_EMPTY_BODY = YES;
				CLANG_WARN_ENUM_CONVERSION = YES;
				CLANG_WARN_INFINITE_RECURSION = YES;
				CLANG_WARN_INT_CONVERSION = YES;
				CLANG_WARN_NON_LITERAL_NULL_CONVERSION = YES;
				CLANG_WARN_OBJC_IMPLICIT_RETAIN_SELF = YES;
				CLANG_WARN_OBJC_LITERAL_CONVERSION = YES;
				CLANG_WARN_OBJC_ROOT_CLASS = YES_ERROR;
				CLANG_WARN_QUOTED_INCLUDE_IN_FRAMEWORK_HEADER = YES;
				CLANG_WARN_RANGE_LOOP_ANALYSIS = YES;
				CLANG_WARN_STRICT_PROTOTYPES = YES;
				CLANG_WARN_SUSPICIOUS_MOVE = YES;
				CLANG_WARN_UNGUARDED_AVAILABILITY = YES_AGGRESSIVE;
				CLANG_WARN_UNREACHABLE_CODE = YES;
				CLANG_WARN__DUPLICATE_METHOD_MATCH = YES;
				COPY_PHASE_STRIP = NO;
				DEAD_CODE_STRIPPING = YES;
				DEBUG_INFORMATION_FORMAT = dwarf;
				ENABLE_STRICT_OBJC_MSGSEND = YES;
				ENABLE_TESTABILITY = YES;
				GCC_C_LANGUAGE_STANDARD = gnu11;
				GCC_DYNAMIC_NO_PIC = NO;
				GCC_NO_COMMON_BLOCKS = YES;
				GCC_OPTIMIZATION_LEVEL = 0;
				GCC_PREPROCESSOR_DEFINITIONS = (
					"DEBUG=1",
					"$(inherited)",
				);
				GCC_WARN_64_TO_32_BIT_CONVERSION = YES;
				GCC_WARN_ABOUT_RETURN_TYPE = YES_ERROR;
				GCC_WARN_UNDECLARED_SELECTOR = YES;
				GCC_WARN_UNINITIALIZED_AUTOS = YES_AGGRESSIVE;
				GCC_WARN_UNUSED_FUNCTION = YES;
				GCC_WARN_UNUSED_VARIABLE = YES;
				MTL_ENABLE_DEBUG_INFO = YES;
				ONLY_ACTIVE_ARCH = YES;
				PRODUCT_NAME = "$(TARGET_NAME)";
			};
			name = Debug;
		};
		E0625C9420FEADE3BF7D2D46 /* Debug */ = {
			isa = XCBuildConfiguration;
			buildSettings = {
				CODE_SIGN_IDENTITY = "";
				CURRENT_PROJECT_VERSION = 1;
				DEFINES_MODULE = YES;
				DYLIB_COMPATIBILITY_VERSION = 1;
				DYLIB_CURRENT_VERSION = 1;
				DYLIB_INSTALL_NAME_BASE = "@rpath";
				INFOPLIST_FILE = "Derived/InfoPlists/DomainKit-Info.plist";
				INSTALL_PATH = "$(LOCAL_LIBRARY_DIR)/Frameworks";
				IPHONEOS_DEPLOYMENT_TARGET = 18.0;
				LD_RUNPATH_SEARCH_PATHS = (
					"$(inherited)",
					"@executable_path/Frameworks",
					"@loader_path/Frameworks",
				);
				PRODUCT_BUNDLE_IDENTIFIER = com.zeroemotion.DomainKit;
				PRODUCT_NAME = DomainKit;
				SDKROOT = iphoneos;
				SKIP_INSTALL = YES;
				SUPPORTS_MACCATALYST = NO;
				SUPPORTS_MAC_DESIGNED_FOR_IPHONE_IPAD = NO;
				SUPPORTS_XR_DESIGNED_FOR_IPHONE_IPAD = NO;
				SWIFT_ACTIVE_COMPILATION_CONDITIONS = "$(inherited) DEBUG";
				SWIFT_COMPILATION_MODE = singlefile;
				SWIFT_OPTIMIZATION_LEVEL = "-Onone";
				SWIFT_VERSION = 5.0;
				TARGETED_DEVICE_FAMILY = 1;
				VERSIONING_SYSTEM = "apple-generic";
				VERSION_INFO_PREFIX = "";
			};
			name = Debug;
		};
/* End XCBuildConfiguration section */

/* Begin XCConfigurationList section */
		0DDA2631672BCD8A0274B49B /* Build configuration list for PBXNativeTarget "DomainKit" */ = {
			isa = XCConfigurationList;
			buildConfigurations = (
				E0625C9420FEADE3BF7D2D46 /* Debug */,
				53ACE75BC828AA67B5BC6F4F /* Release */,
			);
			defaultConfigurationIsVisible = 0;
			defaultConfigurationName = Release;
		};
		68490CBBBE14752559C56A81 /* Build configuration list for PBXProject "DomainKit" */ = {
			isa = XCConfigurationList;
			buildConfigurations = (
				54D88D11390FA4DDAC9B754E /* Debug */,
				05B6974DD031757CF77DCC5B /* Release */,
			);
			defaultConfigurationIsVisible = 0;
			defaultConfigurationName = Release;
		};
/* End XCConfigurationList section */
	};
	rootObject = 17B55179C29F75D28A48CBCB /* Project object */;
}
